// !$*UTF8*$!
{
	archiveVersion = 1;
	classes = {
	};
	objectVersion = 46;
	objects = {

/* Begin PBXBuildFile section */
		65036F66196CDA4D00A758C2 /* main.m in Sources */ = {isa = PBXBuildFile; fileRef = 65036F65196CDA4D00A758C2 /* main.m */; };
		65036F69196CDA4D00A758C2 /* AppDelegate.m in Sources */ = {isa = PBXBuildFile; fileRef = 65036F68196CDA4D00A758C2 /* AppDelegate.m */; };
		65036F6C196CDA4D00A758C2 /* RootViewController.m in Sources */ = {isa = PBXBuildFile; fileRef = 65036F6B196CDA4D00A758C2 /* RootViewController.m */; };
		65036F6F196CDA4D00A758C2 /* DataViewController.m in Sources */ = {isa = PBXBuildFile; fileRef = 65036F6E196CDA4D00A758C2 /* DataViewController.m */; };
		65036F72196CDA4D00A758C2 /* ModelController.m in Sources */ = {isa = PBXBuildFile; fileRef = 65036F71196CDA4D00A758C2 /* ModelController.m */; };
		65036F75196CDA4D00A758C2 /* Main.storyboard in Resources */ = {isa = PBXBuildFile; fileRef = 65036F73196CDA4D00A758C2 /* Main.storyboard */; };
		65036F77196CDA4D00A758C2 /* Images.xcassets in Resources */ = {isa = PBXBuildFile; fileRef = 65036F76196CDA4D00A758C2 /* Images.xcassets */; };
		65036F83196CDA4E00A758C2 /* LocationAndNotificationTests.m in Sources */ = {isa = PBXBuildFile; fileRef = 65036F82196CDA4E00A758C2 /* LocationAndNotificationTests.m */; };
/* End PBXBuildFile section */

/* Begin PBXContainerItemProxy section */
		65036F7D196CDA4E00A758C2 /* PBXContainerItemProxy */ = {
			isa = PBXContainerItemProxy;
			containerPortal = 65036F58196CDA4D00A758C2 /* Project object */;
			proxyType = 1;
			remoteGlobalIDString = 65036F5F196CDA4D00A758C2;
			remoteInfo = LocationAndNotification;
		};
/* End PBXContainerItemProxy section */

/* Begin PBXFileReference section */
		65036F60196CDA4D00A758C2 /* LocationAndNotification.app */ = {isa = PBXFileReference; explicitFileType = wrapper.application; includeInIndex = 0; path = LocationAndNotification.app; sourceTree = BUILT_PRODUCTS_DIR; };
		65036F64196CDA4D00A758C2 /* Info.plist */ = {isa = PBXFileReference; lastKnownFileType = text.plist.xml; path = Info.plist; sourceTree = "<group>"; };
		65036F65196CDA4D00A758C2 /* main.m */ = {isa = PBXFileReference; lastKnownFileType = sourcecode.c.objc; path = main.m; sourceTree = "<group>"; };
		65036F67196CDA4D00A758C2 /* AppDelegate.h */ = {isa = PBXFileReference; lastKnownFileType = sourcecode.c.h; path = AppDelegate.h; sourceTree = "<group>"; };
		65036F68196CDA4D00A758C2 /* AppDelegate.m */ = {isa = PBXFileReference; lastKnownFileType = sourcecode.c.objc; path = AppDelegate.m; sourceTree = "<group>"; };
		65036F6A196CDA4D00A758C2 /* RootViewController.h */ = {isa = PBXFileReference; lastKnownFileType = sourcecode.c.h; path = RootViewController.h; sourceTree = "<group>"; };
		65036F6B196CDA4D00A758C2 /* RootViewController.m */ = {isa = PBXFileReference; lastKnownFileType = sourcecode.c.objc; path = RootViewController.m; sourceTree = "<group>"; };
		65036F6D196CDA4D00A758C2 /* DataViewController.h */ = {isa = PBXFileReference; lastKnownFileType = sourcecode.c.h; path = DataViewController.h; sourceTree = "<group>"; };
		65036F6E196CDA4D00A758C2 /* DataViewController.m */ = {isa = PBXFileReference; lastKnownFileType = sourcecode.c.objc; path = DataViewController.m; sourceTree = "<group>"; };
		65036F70196CDA4D00A758C2 /* ModelController.h */ = {isa = PBXFileReference; lastKnownFileType = sourcecode.c.h; path = ModelController.h; sourceTree = "<group>"; };
		65036F71196CDA4D00A758C2 /* ModelController.m */ = {isa = PBXFileReference; lastKnownFileType = sourcecode.c.objc; path = ModelController.m; sourceTree = "<group>"; };
		65036F74196CDA4D00A758C2 /* Base */ = {isa = PBXFileReference; lastKnownFileType = file.storyboard; name = Base; path = Base.lproj/Main.storyboard; sourceTree = "<group>"; };
		65036F76196CDA4D00A758C2 /* Images.xcassets */ = {isa = PBXFileReference; lastKnownFileType = folder.assetcatalog; path = Images.xcassets; sourceTree = "<group>"; };
		65036F7C196CDA4E00A758C2 /* LocationAndNotificationTests.xctest */ = {isa = PBXFileReference; explicitFileType = wrapper.cfbundle; includeInIndex = 0; path = LocationAndNotificationTests.xctest; sourceTree = BUILT_PRODUCTS_DIR; };
		65036F81196CDA4E00A758C2 /* Info.plist */ = {isa = PBXFileReference; lastKnownFileType = text.plist.xml; path = Info.plist; sourceTree = "<group>"; };
		65036F82196CDA4E00A758C2 /* LocationAndNotificationTests.m */ = {isa = PBXFileReference; lastKnownFileType = sourcecode.c.objc; path = LocationAndNotificationTests.m; sourceTree = "<group>"; };
/* End PBXFileReference section */

/* Begin PBXFrameworksBuildPhase section */
		65036F5D196CDA4D00A758C2 /* Frameworks */ = {
			isa = PBXFrameworksBuildPhase;
			buildActionMask = 2147483647;
			files = (
			);
			runOnlyForDeploymentPostprocessing = 0;
		};
		65036F79196CDA4E00A758C2 /* Frameworks */ = {
			isa = PBXFrameworksBuildPhase;
			buildActionMask = 2147483647;
			files = (
			);
			runOnlyForDeploymentPostprocessing = 0;
		};
/* End PBXFrameworksBuildPhase section */

/* Begin PBXGroup section */
		65036F57196CDA4D00A758C2 = {
			isa = PBXGroup;
			children = (
				65036F62196CDA4D00A758C2 /* LocationAndNotification */,
				65036F7F196CDA4E00A758C2 /* LocationAndNotificationTests */,
				65036F61196CDA4D00A758C2 /* Products */,
			);
			sourceTree = "<group>";
		};
		65036F61196CDA4D00A758C2 /* Products */ = {
			isa = PBXGroup;
			children = (
				65036F60196CDA4D00A758C2 /* LocationAndNotification.app */,
				65036F7C196CDA4E00A758C2 /* LocationAndNotificationTests.xctest */,
			);
			name = Products;
			sourceTree = "<group>";
		};
		65036F62196CDA4D00A758C2 /* LocationAndNotification */ = {
			isa = PBXGroup;
			children = (
				65036F67196CDA4D00A758C2 /* AppDelegate.h */,
				65036F68196CDA4D00A758C2 /* AppDelegate.m */,
				65036F6A196CDA4D00A758C2 /* RootViewController.h */,
				65036F6B196CDA4D00A758C2 /* RootViewController.m */,
				65036F6D196CDA4D00A758C2 /* DataViewController.h */,
				65036F6E196CDA4D00A758C2 /* DataViewController.m */,
				65036F70196CDA4D00A758C2 /* ModelController.h */,
				65036F71196CDA4D00A758C2 /* ModelController.m */,
				65036F73196CDA4D00A758C2 /* Main.storyboard */,
				65036F76196CDA4D00A758C2 /* Images.xcassets */,
				65036F63196CDA4D00A758C2 /* Supporting Files */,
			);
			path = LocationAndNotification;
			sourceTree = "<group>";
		};
		65036F63196CDA4D00A758C2 /* Supporting Files */ = {
			isa = PBXGroup;
			children = (
				65036F64196CDA4D00A758C2 /* Info.plist */,
				65036F65196CDA4D00A758C2 /* main.m */,
			);
			name = "Supporting Files";
			sourceTree = "<group>";
		};
		65036F7F196CDA4E00A758C2 /* LocationAndNotificationTests */ = {
			isa = PBXGroup;
			children = (
				65036F82196CDA4E00A758C2 /* LocationAndNotificationTests.m */,
				65036F80196CDA4E00A758C2 /* Supporting Files */,
			);
			path = LocationAndNotificationTests;
			sourceTree = "<group>";
		};
		65036F80196CDA4E00A758C2 /* Supporting Files */ = {
			isa = PBXGroup;
			children = (
				65036F81196CDA4E00A758C2 /* Info.plist */,
			);
			name = "Supporting Files";
			sourceTree = "<group>";
		};
/* End PBXGroup section */

/* Begin PBXNativeTarget section */
		65036F5F196CDA4D00A758C2 /* LocationAndNotification */ = {
			isa = PBXNativeTarget;
			buildConfigurationList = 65036F86196CDA4E00A758C2 /* Build configuration list for PBXNativeTarget "LocationAndNotification" */;
			buildPhases = (
				65036F5C196CDA4D00A758C2 /* Sources */,
				65036F5D196CDA4D00A758C2 /* Frameworks */,
				65036F5E196CDA4D00A758C2 /* Resources */,
			);
			buildRules = (
			);
			dependencies = (
			);
			name = LocationAndNotification;
			productName = LocationAndNotification;
			productReference = 65036F60196CDA4D00A758C2 /* LocationAndNotification.app */;
			productType = "com.apple.product-type.application";
		};
		65036F7B196CDA4E00A758C2 /* LocationAndNotificationTests */ = {
			isa = PBXNativeTarget;
			buildConfigurationList = 65036F89196CDA4E00A758C2 /* Build configuration list for PBXNativeTarget "LocationAndNotificationTests" */;
			buildPhases = (
				65036F78196CDA4E00A758C2 /* Sources */,
				65036F79196CDA4E00A758C2 /* Frameworks */,
				65036F7A196CDA4E00A758C2 /* Resources */,
			);
			buildRules = (
			);
			dependencies = (
				65036F7E196CDA4E00A758C2 /* PBXTargetDependency */,
			);
			name = LocationAndNotificationTests;
			productName = LocationAndNotificationTests;
			productReference = 65036F7C196CDA4E00A758C2 /* LocationAndNotificationTests.xctest */;
			productType = "com.apple.product-type.bundle.unit-test";
		};
/* End PBXNativeTarget section */

/* Begin PBXProject section */
		65036F58196CDA4D00A758C2 /* Project object */ = {
			isa = PBXProject;
			attributes = {
				LastUpgradeCheck = 0600;
				ORGANIZATIONNAME = tonchi;
				TargetAttributes = {
					65036F5F196CDA4D00A758C2 = {
						CreatedOnToolsVersion = 6.0;
					};
					65036F7B196CDA4E00A758C2 = {
						CreatedOnToolsVersion = 6.0;
						TestTargetID = 65036F5F196CDA4D00A758C2;
					};
				};
			};
			buildConfigurationList = 65036F5B196CDA4D00A758C2 /* Build configuration list for PBXProject "LocationAndNotification" */;
			compatibilityVersion = "Xcode 3.2";
			developmentRegion = English;
			hasScannedForEncodings = 0;
			knownRegions = (
				en,
				Base,
			);
			mainGroup = 65036F57196CDA4D00A758C2;
			productRefGroup = 65036F61196CDA4D00A758C2 /* Products */;
			projectDirPath = "";
			projectRoot = "";
			targets = (
				65036F5F196CDA4D00A758C2 /* LocationAndNotification */,
				65036F7B196CDA4E00A758C2 /* LocationAndNotificationTests */,
			);
		};
/* End PBXProject section */

/* Begin PBXResourcesBuildPhase section */
		65036F5E196CDA4D00A758C2 /* Resources */ = {
			isa = PBXResourcesBuildPhase;
			buildActionMask = 2147483647;
			files = (
				65036F75196CDA4D00A758C2 /* Main.storyboard in Resources */,
				65036F77196CDA4D00A758C2 /* Images.xcassets in Resources */,
			);
			runOnlyForDeploymentPostprocessing = 0;
		};
		65036F7A196CDA4E00A758C2 /* Resources */ = {
			isa = PBXResourcesBuildPhase;
			buildActionMask = 2147483647;
			files = (
			);
			runOnlyForDeploymentPostprocessing = 0;
		};
/* End PBXResourcesBuildPhase section */

/* Begin PBXSourcesBuildPhase section */
		65036F5C196CDA4D00A758C2 /* Sources */ = {
			isa = PBXSourcesBuildPhase;
			buildActionMask = 2147483647;
			files = (
				65036F6F196CDA4D00A758C2 /* DataViewController.m in Sources */,
				65036F69196CDA4D00A758C2 /* AppDelegate.m in Sources */,
				65036F72196CDA4D00A758C2 /* ModelController.m in Sources */,
				65036F66196CDA4D00A758C2 /* main.m in Sources */,
				65036F6C196CDA4D00A758C2 /* RootViewController.m in Sources */,
			);
			runOnlyForDeploymentPostprocessing = 0;
		};
		65036F78196CDA4E00A758C2 /* Sources */ = {
			isa = PBXSourcesBuildPhase;
			buildActionMask = 2147483647;
			files = (
				65036F83196CDA4E00A758C2 /* LocationAndNotificationTests.m in Sources */,
			);
			runOnlyForDeploymentPostprocessing = 0;
		};
/* End PBXSourcesBuildPhase section */

/* Begin PBXTargetDependency section */
		65036F7E196CDA4E00A758C2 /* PBXTargetDependency */ = {
			isa = PBXTargetDependency;
			target = 65036F5F196CDA4D00A758C2 /* LocationAndNotification */;
			targetProxy = 65036F7D196CDA4E00A758C2 /* PBXContainerItemProxy */;
		};
/* End PBXTargetDependency section */

/* Begin PBXVariantGroup section */
		65036F73196CDA4D00A758C2 /* Main.storyboard */ = {
			isa = PBXVariantGroup;
			children = (
				65036F74196CDA4D00A758C2 /* Base */,
			);
			name = Main.storyboard;
			sourceTree = "<group>";
		};
/* End PBXVariantGroup section */

/* Begin XCBuildConfiguration section */
		65036F84196CDA4E00A758C2 /* Debug */ = {
			isa = XCBuildConfiguration;
			buildSettings = {
				ALWAYS_SEARCH_USER_PATHS = NO;
				CLANG_CXX_LANGUAGE_STANDARD = "gnu++0x";
				CLANG_CXX_LIBRARY = "libc++";
				CLANG_ENABLE_MODULES = YES;
				CLANG_ENABLE_OBJC_ARC = YES;
				CLANG_WARN_BOOL_CONVERSION = YES;
				CLANG_WARN_CONSTANT_CONVERSION = YES;
				CLANG_WARN_DIRECT_OBJC_ISA_USAGE = YES_ERROR;
				CLANG_WARN_EMPTY_BODY = YES;
				CLANG_WARN_ENUM_CONVERSION = YES;
				CLANG_WARN_INT_CONVERSION = YES;
				CLANG_WARN_OBJC_ROOT_CLASS = YES_ERROR;
				CLANG_WARN_UNREACHABLE_CODE = YES;
				CLANG_WARN__DUPLICATE_METHOD_MATCH = YES;
				"CODE_SIGN_IDENTITY[sdk=iphoneos*]" = "iPhone Developer";
				COPY_PHASE_STRIP = NO;
				ENABLE_STRICT_OBJC_MSGSEND = YES;
				GCC_C_LANGUAGE_STANDARD = gnu99;
				GCC_DYNAMIC_NO_PIC = NO;
				GCC_OPTIMIZATION_LEVEL = 0;
				GCC_PREPROCESSOR_DEFINITIONS = (
					"DEBUG=1",
					"$(inherited)",
				);
				GCC_SYMBOLS_PRIVATE_EXTERN = NO;
				GCC_WARN_64_TO_32_BIT_CONVERSION = YES;
				GCC_WARN_ABOUT_RETURN_TYPE = YES_ERROR;
				GCC_WARN_UNDECLARED_SELECTOR = YES;
				GCC_WARN_UNINITIALIZED_AUTOS = YES_AGGRESSIVE;
				GCC_WARN_UNUSED_FUNCTION = YES;
				GCC_WARN_UNUSED_VARIABLE = YES;
				IPHONEOS_DEPLOYMENT_TARGET = 8.0;
				METAL_ENABLE_DEBUG_INFO = YES;
				ONLY_ACTIVE_ARCH = YES;
				SDKROOT = iphoneos;
			};
			name = Debug;
		};
		65036F85196CDA4E00A758C2 /* Release */ = {
			isa = XCBuildConfiguration;
			buildSettings = {
				ALWAYS_SEARCH_USER_PATHS = NO;
				CLANG_CXX_LANGUAGE_STANDARD = "gnu++0x";
				CLANG_CXX_LIBRARY = "libc++";
				CLANG_ENABLE_MODULES = YES;
				CLANG_ENABLE_OBJC_ARC = YES;
				CLANG_WARN_BOOL_CONVERSION = YES;
				CLANG_WARN_CONSTANT_CONVERSION = YES;
				CLANG_WARN_DIRECT_OBJC_ISA_USAGE = YES_ERROR;
				CLANG_WARN_EMPTY_BODY = YES;
				CLANG_WARN_ENUM_CONVERSION = YES;
				CLANG_WARN_INT_CONVERSION = YES;
				CLANG_WARN_OBJC_ROOT_CLASS = YES_ERROR;
				CLANG_WARN_UNREACHABLE_CODE = YES;
				CLANG_WARN__DUPLICATE_METHOD_MATCH = YES;
				"CODE_SIGN_IDENTITY[sdk=iphoneos*]" = "iPhone Developer";
				COPY_PHASE_STRIP = YES;
				ENABLE_NS_ASSERTIONS = NO;
				ENABLE_STRICT_OBJC_MSGSEND = YES;
				GCC_C_LANGUAGE_STANDARD = gnu99;
				GCC_WARN_64_TO_32_BIT_CONVERSION = YES;
				GCC_WARN_ABOUT_RETURN_TYPE = YES_ERROR;
				GCC_WARN_UNDECLARED_SELECTOR = YES;
				GCC_WARN_UNINITIALIZED_AUTOS = YES_AGGRESSIVE;
				GCC_WARN_UNUSED_FUNCTION = YES;
				GCC_WARN_UNUSED_VARIABLE = YES;
				IPHONEOS_DEPLOYMENT_TARGET = 8.0;
				METAL_ENABLE_DEBUG_INFO = NO;
				SDKROOT = iphoneos;
				VALIDATE_PRODUCT = YES;
			};
			name = Release;
		};
		65036F87196CDA4E00A758C2 /* Debug */ = {
			isa = XCBuildConfiguration;
			buildSettings = {
				ASSETCATALOG_COMPILER_APPICON_NAME = AppIcon;
				ASSETCATALOG_COMPILER_LAUNCHIMAGE_NAME = LaunchImage;
				INFOPLIST_FILE = LocationAndNotification/Info.plist;
				LD_RUNPATH_SEARCH_PATHS = "$(inherited) @executable_path/Frameworks";
				PRODUCT_NAME = "$(TARGET_NAME)";
			};
			name = Debug;
		};
		65036F88196CDA4E00A758C2 /* Release */ = {
			isa = XCBuildConfiguration;
			buildSettings = {
				ASSETCATALOG_COMPILER_APPICON_NAME = AppIcon;
				ASSETCATALOG_COMPILER_LAUNCHIMAGE_NAME = LaunchImage;
				INFOPLIST_FILE = LocationAndNotification/Info.plist;
				LD_RUNPATH_SEARCH_PATHS = "$(inherited) @executable_path/Frameworks";
				PRODUCT_NAME = "$(TARGET_NAME)";
			};
			name = Release;
		};
		65036F8A196CDA4E00A758C2 /* Debug */ = {
			isa = XCBuildConfiguration;
			buildSettings = {
				BUNDLE_LOADER = "$(BUILT_PRODUCTS_DIR)/LocationAndNotification.app/LocationAndNotification";
				FRAMEWORK_SEARCH_PATHS = (
					"$(SDKROOT)/Developer/Library/Frameworks",
					"$(inherited)",
				);
				GCC_PREPROCESSOR_DEFINITIONS = (
					"DEBUG=1",
					"$(inherited)",
				);
				INFOPLIST_FILE = LocationAndNotificationTests/Info.plist;
				LD_RUNPATH_SEARCH_PATHS = "$(inherited) @executable_path/Frameworks @loader_path/Frameworks";
				METAL_ENABLE_DEBUG_INFO = YES;
				PRODUCT_NAME = "$(TARGET_NAME)";
				TEST_HOST = "$(BUNDLE_LOADER)";
			};
			name = Debug;
		};
		65036F8B196CDA4E00A758C2 /* Release */ = {
			isa = XCBuildConfiguration;
			buildSettings = {
				BUNDLE_LOADER = "$(BUILT_PRODUCTS_DIR)/LocationAndNotification.app/LocationAndNotification";
				FRAMEWORK_SEARCH_PATHS = (
					"$(SDKROOT)/Developer/Library/Frameworks",
					"$(inherited)",
				);
				INFOPLIST_FILE = LocationAndNotificationTests/Info.plist;
				LD_RUNPATH_SEARCH_PATHS = "$(inherited) @executable_path/Frameworks @loader_path/Frameworks";
				METAL_ENABLE_DEBUG_INFO = NO;
				PRODUCT_NAME = "$(TARGET_NAME)";
				TEST_HOST = "$(BUNDLE_LOADER)";
			};
			name = Release;
		};
/* End XCBuildConfiguration section */

/* Begin XCConfigurationList section */
		65036F5B196CDA4D00A758C2 /* Build configuration list for PBXProject "LocationAndNotification" */ = {
			isa = XCConfigurationList;
			buildConfigurations = (
				65036F84196CDA4E00A758C2 /* Debug */,
				65036F85196CDA4E00A758C2 /* Release */,
			);
			defaultConfigurationIsVisible = 0;
			defaultConfigurationName = Release;
		};
		65036F86196CDA4E00A758C2 /* Build configuration list for PBXNativeTarget "LocationAndNotification" */ = {
			isa = XCConfigurationList;
			buildConfigurations = (
				65036F87196CDA4E00A758C2 /* Debug */,
				65036F88196CDA4E00A758C2 /* Release */,
			);
			defaultConfigurationIsVisible = 0;
		};
		65036F89196CDA4E00A758C2 /* Build configuration list for PBXNativeTarget "LocationAndNotificationTests" */ = {
			isa = XCConfigurationList;
			buildConfigurations = (
				65036F8A196CDA4E00A758C2 /* Debug */,
				65036F8B196CDA4E00A758C2 /* Release */,
			);
			defaultConfigurationIsVisible = 0;
		};
/* End XCConfigurationList section */
	};
	rootObject = 65036F58196CDA4D00A758C2 /* Project object */;
}
